# THIS IS AN AUTOGENERATED FILE. DO NOT EDIT THIS FILE DIRECTLY.
# yarn lockfile v1


"@vant/area-data@^1.4.1":
  "integrity" "sha512-D8zI/rfxREhnIKGoYzsEJZ73fte4JARhFeFftLIH7ynu1sPrCBEgPkLEbwPyvw3VC4JdSIuzaK5uOhu+BcoPXw=="
  "resolved" "https://registry.npmmirror.com/@vant/area-data/-/area-data-1.4.1.tgz"
  "version" "1.4.1"

"@vant/weapp@^1.10.14":
  "integrity" "sha512-5usuhoN1kiOV6pzrdVzHrAux6DupKlGd9w+yYc992Zy1n1wHLZMb1dGM3+xtbNE3tpWE2qv95vIFSMpJRFyE7Q=="
  "resolved" "https://registry.npmmirror.com/@vant/weapp/-/weapp-1.10.14.tgz"
  "version" "1.10.14"
